
Microsoft Visual Studio Solution File, Format Version 12.00
# Visual Studio 14
VisualStudioVersion = 14.0.25420.1
MinimumVisualStudioVersion = 10.0.40219.1
Project("{2150E333-8FDC-42A3-9474-1A3956D46DE8}") = "src", "src", "{15034EAB-487C-4DCB-BB6B-61220DD1859D}"
EndProject
Project("{2150E333-8FDC-42A3-9474-1A3956D46DE8}") = "Solution Items", "Solution Items", "{2A3CA123-74AA-48D9-A044-468B49C803D7}"
	ProjectSection(SolutionItems) = preProject
		global.json = global.json
	EndProjectSection
EndProject
Project("{8BB2217D-0F2D-49D1-97BC-3654ED321F3B}") = "AspNetCoreSergio", "src\AspNetCoreSergio\AspNetCoreSergio.xproj", "{EFD177FB-247E-4950-AA02-E30A761194FD}"
EndProject
Global
	GlobalSection(SolutionConfigurationPlatforms) = preSolution
		Debug|Any CPU = Debug|Any CPU
		Release|Any CPU = Release|Any CPU
	EndGlobalSection
	GlobalSection(ProjectConfigurationPlatforms) = postSolution
		{EFD177FB-247E-4950-AA02-E30A761194FD}.Debug|Any CPU.ActiveCfg = Debug|Any CPU
		{EFD177FB-247E-4950-AA02-E30A761194FD}.Debug|Any CPU.Build.0 = Debug|Any CPU
		{EFD177FB-247E-4950-AA02-E30A761194FD}.Release|Any CPU.ActiveCfg = Release|Any CPU
		{EFD177FB-247E-4950-AA02-E30A761194FD}.Release|Any CPU.Build.0 = Release|Any CPU
	EndGlobalSection
	GlobalSection(SolutionProperties) = preSolution
		HideSolutionNode = FALSE
	EndGlobalSection
	GlobalSection(NestedProjects) = preSolution
		{EFD177FB-247E-4950-AA02-E30A761194FD} = {15034EAB-487C-4DCB-BB6B-61220DD1859D}
	EndGlobalSection
EndGlobal
